# -------------------------------------------------------------------------- #
#
# Copyright (C) 1991-2013 Altera Corporation
# Your use of Altera Corporation's design tools, logic functions 
# and other software and tools, and its AMPP partner logic 
# functions, and any output files from any of the foregoing 
# (including device programming or simulation files), and any 
# associated documentation or information are expressly subject 
# to the terms and conditions of the Altera Program License 
# Subscription Agreement, Altera MegaCore Function License 
# Agreement, or other applicable license agreement, including, 
# without limitation, that your use is for the sole purpose of 
# programming logic devices manufactured by Altera and sold by 
# Altera or its authorized distributors.  Please refer to the 
# applicable agreement for further details.
#
# -------------------------------------------------------------------------- #
#
# Quartus II 64-Bit
# Version 13.1.0 Build 162 10/23/2013 SJ Web Edition
# Date created = 08:57:38  August 11, 2026
#
# -------------------------------------------------------------------------- #
#
# Notes:
#
# 1) The default values for assignments are stored in the file:
#		UART_Server_assignment_defaults.qdf
#    If this file doesn't exist, see file:
#		assignment_defaults.qdf
#
# 2) Altera recommends that you do not modify this file. This
#    file is updated automatically by the Quartus II software
#    and any changes you make may be lost or overwritten.
#
# -------------------------------------------------------------------------- #


set_global_assignment -name FAMILY "Cyclone III"
set_global_assignment -name DEVICE EP3C40Q240C8
set_global_assignment -name TOP_LEVEL_ENTITY UART_Server
set_global_assignment -name ORIGINAL_QUARTUS_VERSION 13.1
set_global_assignment -name PROJECT_CREATION_TIME_DATE "08:57:38  AUGUST 11, 2026"
set_global_assignment -name LAST_QUARTUS_VERSION 13.1
set_global_assignment -name PROJECT_OUTPUT_DIRECTORY output_files
set_global_assignment -name MIN_CORE_JUNCTION_TEMP 0
set_global_assignment -name MAX_CORE_JUNCTION_TEMP 85
set_global_assignment -name ERROR_CHECK_FREQUENCY_DIVISOR 1
set_global_assignment -name EDA_SIMULATION_TOOL "ModelSim-Altera (VHDL)"
set_global_assignment -name EDA_OUTPUT_DATA_FORMAT VHDL -section_id eda_simulation
set_global_assignment -name PARTITION_NETLIST_TYPE SOURCE -section_id Top
set_global_assignment -name PARTITION_FITTER_PRESERVATION_LEVEL PLACEMENT_AND_ROUTING -section_id Top
set_global_assignment -name PARTITION_COLOR 16764057 -section_id Top
set_global_assignment -name STRATIX_DEVICE_IO_STANDARD "2.5 V"
set_location_assignment PIN_164 -to tx
set_location_assignment PIN_161 -to rx
set_location_assignment PIN_160 -to RST_WiFi
set_location_assignment PIN_149 -to clk
set_location_assignment PIN_166 -to Server_WiFi_txd
set_location_assignment PIN_145 -to rst_n
set_location_assignment PIN_232 -to seg_com[7]
set_location_assignment PIN_236 -to seg_com[6]
set_location_assignment PIN_240 -to seg_com[5]
set_location_assignment PIN_9 -to seg_com[4]
set_location_assignment PIN_18 -to seg_com[3]
set_location_assignment PIN_22 -to seg_com[2]
set_location_assignment PIN_38 -to seg_com[1]
set_location_assignment PIN_41 -to seg_com[0]
set_location_assignment PIN_39 -to seg_data[7]
set_location_assignment PIN_37 -to seg_data[6]
set_location_assignment PIN_21 -to seg_data[5]
set_location_assignment PIN_13 -to seg_data[4]
set_location_assignment PIN_6 -to seg_data[3]
set_location_assignment PIN_239 -to seg_data[2]
set_location_assignment PIN_235 -to seg_data[1]
set_location_assignment PIN_231 -to seg_data[0]
set_global_assignment -name TIMEQUEST_MULTICORNER_ANALYSIS ON
set_global_assignment -name POWER_PRESET_COOLING_SOLUTION "23 MM HEAT SINK WITH 200 LFPM AIRFLOW"
set_global_assignment -name POWER_BOARD_THERMAL_MODEL "NONE (CONSERVATIVE)"
set_global_assignment -name NOMINAL_CORE_SUPPLY_VOLTAGE 1.2V
set_location_assignment PIN_56 -to column_3x3[2]
set_location_assignment PIN_63 -to column_3x3[1]
set_location_assignment PIN_69 -to column_3x3[0]
set_location_assignment PIN_46 -to row_3x3[2]
set_location_assignment PIN_50 -to row_3x3[1]
set_location_assignment PIN_52 -to row_3x3[0]
set_location_assignment PIN_70 -to switch_8bit[7]
set_location_assignment PIN_76 -to switch_8bit[6]
set_location_assignment PIN_80 -to switch_8bit[5]
set_location_assignment PIN_82 -to switch_8bit[4]
set_location_assignment PIN_83 -to switch_8bit[3]
set_location_assignment PIN_81 -to switch_8bit[2]
set_location_assignment PIN_78 -to switch_8bit[1]
set_location_assignment PIN_73 -to switch_8bit[0]
set_global_assignment -name VERILOG_FILE TFT_LCD.v
set_global_assignment -name VERILOG_FILE UART_Server.v
set_global_assignment -name VERILOG_FILE uart_tx_string.v
set_global_assignment -name VERILOG_FILE uart_rx_string.v
set_global_assignment -name VERILOG_FILE mode_LED.v
set_global_assignment -name VERILOG_FILE seven_segment_display.v
set_global_assignment -name VERILOG_FILE ipd_parser.v
set_global_assignment -name VERILOG_FILE button_3x3.v
set_global_assignment -name VERILOG_FILE Order_processor.v
set_global_assignment -name VERILOG_FILE connect_detector.v
set_global_assignment -name VERILOG_FILE tx_buffer_controller.v
set_location_assignment PIN_131 -to BLK
set_location_assignment PIN_132 -to CS
set_location_assignment PIN_133 -to DC
set_location_assignment PIN_134 -to RES
set_location_assignment PIN_137 -to SCL
set_location_assignment PIN_135 -to SDA
set_location_assignment PIN_84 -to DIN
set_instance_assignment -name PARTITION_HIERARCHY root_partition -to | -entity top -section_id Top
set_global_assignment -name PARTITION_NETLIST_TYPE SOURCE -entity top -section_id Top
set_global_assignment -name PARTITION_FITTER_PRESERVATION_LEVEL PLACEMENT_AND_ROUTING -entity top -section_id Top
set_global_assignment -name PARTITION_COLOR 16764057 -entity top -section_id Top
set_location_assignment PIN_171 -to CONNECETED
set_global_assignment -name VERILOG_FILE receiver_OK.v
set_instance_assignment -name PARTITION_HIERARCHY root_partition -to | -section_id Top