# -------------------------------------------------------------------------- #
#
# Copyright (C) 1991-2013 Altera Corporation
# Your use of Altera Corporation's design tools, logic functions 
# and other software and tools, and its AMPP partner logic 
# functions, and any output files from any of the foregoing 
# (including device programming or simulation files), and any 
# associated documentation or information are expressly subject 
# to the terms and conditions of the Altera Program License 
# Subscription Agreement, Altera MegaCore Function License 
# Agreement, or other applicable license agreement, including, 
# without limitation, that your use is for the sole purpose of 
# programming logic devices manufactured by Altera and sold by 
# Altera or its authorized distributors.  Please refer to the 
# applicable agreement for further details.
#
# -------------------------------------------------------------------------- #
#
# Quartus II 64-Bit
# Version 13.1.0 Build 162 10/23/2013 SJ Web Edition
# Date created = 12:38:51  July 12, 2026
#
# -------------------------------------------------------------------------- #
#
# Notes:
#
# 1) The default values for assignments are stored in the file:
#		top_assignment_defaults.qdf
#    If this file doesn't exist, see file:
#		assignment_defaults.qdf
#
# 2) Altera recommends that you do not modify this file. This
#    file is updated automatically by the Quartus II software
#    and any changes you make may be lost or overwritten.
#
# -------------------------------------------------------------------------- #


set_global_assignment -name FAMILY "Cyclone III"
set_global_assignment -name DEVICE EP3C40Q240C8
set_global_assignment -name TOP_LEVEL_ENTITY top
set_global_assignment -name ORIGINAL_QUARTUS_VERSION 13.1
set_global_assignment -name PROJECT_CREATION_TIME_DATE "12:38:51  JULY 12, 2026"
set_global_assignment -name LAST_QUARTUS_VERSION 13.1
set_global_assignment -name PROJECT_OUTPUT_DIRECTORY output_files
set_global_assignment -name MIN_CORE_JUNCTION_TEMP 0
set_global_assignment -name MAX_CORE_JUNCTION_TEMP 85
set_global_assignment -name ERROR_CHECK_FREQUENCY_DIVISOR 1
set_global_assignment -name EDA_SIMULATION_TOOL "ModelSim-Altera (VHDL)"
set_global_assignment -name EDA_OUTPUT_DATA_FORMAT VHDL -section_id eda_simulation
set_global_assignment -name PARTITION_NETLIST_TYPE SOURCE -section_id Top
set_global_assignment -name PARTITION_FITTER_PRESERVATION_LEVEL PLACEMENT_AND_ROUTING -section_id Top
set_global_assignment -name PARTITION_COLOR 16764057 -section_id Top
set_global_assignment -name POWER_PRESET_COOLING_SOLUTION "23 MM HEAT SINK WITH 200 LFPM AIRFLOW"
set_global_assignment -name POWER_BOARD_THERMAL_MODEL "NONE (CONSERVATIVE)"
set_global_assignment -name STRATIX_DEVICE_IO_STANDARD "2.5 V"
set_location_assignment PIN_131 -to BLK
set_location_assignment PIN_149 -to clk
set_location_assignment PIN_57 -to column_2x2[1]
set_location_assignment PIN_68 -to column_2x2[0]
set_location_assignment PIN_132 -to CS
set_location_assignment PIN_133 -to DC
set_location_assignment PIN_134 -to RES
set_location_assignment PIN_145 -to rst_n
set_location_assignment PIN_137 -to SCL
set_location_assignment PIN_135 -to SDA
set_location_assignment PIN_70 -to switch[7]
set_location_assignment PIN_76 -to switch[6]
set_location_assignment PIN_80 -to switch[5]
set_location_assignment PIN_82 -to switch[4]
set_location_assignment PIN_83 -to switch[3]
set_location_assignment PIN_81 -to switch[2]
set_location_assignment PIN_78 -to switch[1]
set_location_assignment PIN_73 -to switch[0]
set_location_assignment PIN_51 -to row_2x2[1]
set_location_assignment PIN_55 -to row_2x2[0]
set_location_assignment PIN_232 -to seg_com[7]
set_location_assignment PIN_236 -to seg_com[6]
set_location_assignment PIN_240 -to seg_com[5]
set_location_assignment PIN_9 -to seg_com[4]
set_location_assignment PIN_18 -to seg_com[3]
set_location_assignment PIN_22 -to seg_com[2]
set_location_assignment PIN_38 -to seg_com[1]
set_location_assignment PIN_41 -to seg_com[0]
set_location_assignment PIN_39 -to seg_data[7]
set_location_assignment PIN_37 -to seg_data[6]
set_location_assignment PIN_21 -to seg_data[5]
set_location_assignment PIN_13 -to seg_data[4]
set_location_assignment PIN_6 -to seg_data[3]
set_location_assignment PIN_239 -to seg_data[2]
set_location_assignment PIN_235 -to seg_data[1]
set_location_assignment PIN_231 -to seg_data[0]
set_location_assignment PIN_56 -to column_3x3[2]
set_location_assignment PIN_63 -to column_3x3[1]
set_location_assignment PIN_69 -to column_3x3[0]
set_location_assignment PIN_84 -to DIN
set_location_assignment PIN_46 -to row_3x3[2]
set_location_assignment PIN_50 -to row_3x3[1]
set_location_assignment PIN_52 -to row_3x3[0]
set_location_assignment PIN_112 -to J10_ALRT
set_location_assignment PIN_127 -to J10_SCL
set_location_assignment PIN_118 -to J10_SDA
set_location_assignment PIN_114 -to J11_SW
set_location_assignment PIN_160 -to rst_wifi
set_location_assignment PIN_164 -to rx
set_location_assignment PIN_161 -to tx
set_location_assignment PIN_166 -to txd
set_global_assignment -name VERILOG_FILE ../../Joystick/Joystick_display.v
set_global_assignment -name VERILOG_FILE ../../Joystick/Joystick_top.v
set_global_assignment -name VERILOG_FILE ../../Joystick/joystick_button.v
set_global_assignment -name VERILOG_FILE ../../Joystick/i2c_master.v
set_global_assignment -name VERILOG_FILE ../../Joystick/ads1115_control.v
set_global_assignment -name VERILOG_FILE ../../TFT_LCD/TFT_LCD.v
set_global_assignment -name VERILOG_FILE ../../seven_segment_display/seven_segment_display.v
set_global_assignment -name VERILOG_FILE ../../keyboard/keyboard_2x2/keyboard_2x2.v
set_global_assignment -name VERILOG_FILE ../../keyboard/keyboard_3x3/keyboard_3x3.v
set_global_assignment -name VERILOG_FILE ../../LED_Matrix_8x8/LED_Matrix_8x8.v
set_global_assignment -name VERILOG_FILE "../../Wi-Fi/Wi-Fi_Server/uart_tx1.v"
set_global_assignment -name VERILOG_FILE "../../Wi-Fi/Wi-Fi_Server/UART_Server.v"
set_global_assignment -name VERILOG_FILE "../../Wi-Fi/Wi-Fi_Server/uart_rx1.v"
set_global_assignment -name VERILOG_FILE "../../Wi-Fi/Wi-Fi_Server/receiver_OK_ser.v"
set_global_assignment -name VERILOG_FILE "../../Wi-Fi/Wi-Fi_Server/mode_LED.v"
set_global_assignment -name VERILOG_FILE "../../Wi-Fi/Wi-Fi_Server/AT_SERVER_ROM.v"
set_global_assignment -name BDF_FILE top.bdf
set_location_assignment PIN_202 -to J2_Y[9]
set_location_assignment PIN_200 -to J2_Y[8]
set_location_assignment PIN_196 -to J2_Y[7]
set_location_assignment PIN_194 -to J2_Y[6]
set_location_assignment PIN_188 -to J2_Y[5]
set_location_assignment PIN_186 -to J2_Y[4]
set_location_assignment PIN_184 -to J2_Y[3]
set_location_assignment PIN_177 -to J2_Y[2]
set_location_assignment PIN_173 -to J2_Y[1]
set_location_assignment PIN_169 -to J2_Y[0]
set_location_assignment PIN_176 -to J2_HREF
set_location_assignment PIN_171 -to J2_PCLK
set_location_assignment PIN_189 -to J2_PWDN
set_location_assignment PIN_195 -to J2_RESET
set_location_assignment PIN_185 -to J2_SIO_C
set_location_assignment PIN_187 -to J2_SIO_D
set_location_assignment PIN_183 -to J2_VSYNC
set_location_assignment PIN_197 -to J2_XCLK
set_instance_assignment -name PARTITION_HIERARCHY root_partition -to | -section_id Top